
Microsoft Visual Studio Solution File, Format Version 12.00
# Visual Studio Version 17
VisualStudioVersion = 17.4.33213.308
MinimumVisualStudioVersion = 10.0.40219.1
Project("{FAE04EC0-301F-11D3-BF4B-00C04F79EFBC}") = "SFTPFilePicking", "SFTPFilePicking.csproj", "{F69AC2E5-6C0C-4337-9006-417ADFFB5324}"
EndProject
Global
	GlobalSection(SolutionConfigurationPlatforms) = preSolution
		Debug|Any CPU = Debug|Any CPU
		Release|Any CPU = Release|Any CPU
	EndGlobalSection
	GlobalSection(ProjectConfigurationPlatforms) = postSolution
		{F69AC2E5-6C0C-4337-9006-417ADFFB5324}.Debug|Any CPU.ActiveCfg = Debug|Any CPU
		{F69AC2E5-6C0C-4337-9006-417ADFFB5324}.Debug|Any CPU.Build.0 = Debug|Any CPU
		{F69AC2E5-6C0C-4337-9006-417ADFFB5324}.Release|Any CPU.ActiveCfg = Release|Any CPU
		{F69AC2E5-6C0C-4337-9006-417ADFFB5324}.Release|Any CPU.Build.0 = Release|Any CPU
	EndGlobalSection
	GlobalSection(SolutionProperties) = preSolution
		HideSolutionNode = FALSE
	EndGlobalSection
	GlobalSection(ExtensibilityGlobals) = postSolution
		SolutionGuid = {E752331E-969E-4DE4-8D5C-65B7D8491921}
	EndGlobalSection
EndGlobal
